
Microsoft Visual Studio Solution File, Format Version 12.00
# Visual Studio Version 17
VisualStudioVersion = 17.6.33723.286
MinimumVisualStudioVersion = 10.0.40219.1
Project("{9A19103F-16F7-4668-BE54-9A1E7A4F7556}") = "HalloDoc.mvc", "HalloDoc.mvc\HalloDoc.mvc.csproj", "{D0F71DFD-253F-40A7-97F4-199D8120AFDE}"
EndProject
Global
	GlobalSection(SolutionConfigurationPlatforms) = preSolution
		Debug|Any CPU = Debug|Any CPU
		Release|Any CPU = Release|Any CPU
	EndGlobalSection
	GlobalSection(ProjectConfigurationPlatforms) = postSolution
		{D0F71DFD-253F-40A7-97F4-199D8120AFDE}.Debug|Any CPU.ActiveCfg = Debug|Any CPU
		{D0F71DFD-253F-40A7-97F4-199D8120AFDE}.Debug|Any CPU.Build.0 = Debug|Any CPU
		{D0F71DFD-253F-40A7-97F4-199D8120AFDE}.Release|Any CPU.ActiveCfg = Release|Any CPU
		{D0F71DFD-253F-40A7-97F4-199D8120AFDE}.Release|Any CPU.Build.0 = Release|Any CPU
	EndGlobalSection
	GlobalSection(SolutionProperties) = preSolution
		HideSolutionNode = FALSE
	EndGlobalSection
	GlobalSection(ExtensibilityGlobals) = postSolution
		SolutionGuid = {5A1009B2-8F84-4ABD-A6ED-4929D68615D2}
	EndGlobalSection
EndGlobal
