
Microsoft Visual Studio Solution File, Format Version 12.00
# Visual Studio Version 17
VisualStudioVersion = 17.6.33723.286
MinimumVisualStudioVersion = 10.0.40219.1
Project("{FAE04EC0-301F-11D3-BF4B-00C04F79EFBC}") = "Assignment", "Assignment\Assignment.csproj", "{92737E56-4B0F-4C71-8CED-4E9521792354}"
EndProject
Project("{FAE04EC0-301F-11D3-BF4B-00C04F79EFBC}") = "BusinessLogic", "BusinessLogic\BusinessLogic.csproj", "{88DFC802-8E58-4905-B81A-78D358143BCF}"
EndProject
Project("{FAE04EC0-301F-11D3-BF4B-00C04F79EFBC}") = "DataAccess", "DataAccess\DataAccess.csproj", "{E2C07544-60CC-406E-9439-2B1EFD8D09D4}"
EndProject
Global
	GlobalSection(SolutionConfigurationPlatforms) = preSolution
		Debug|Any CPU = Debug|Any CPU
		Release|Any CPU = Release|Any CPU
	EndGlobalSection
	GlobalSection(ProjectConfigurationPlatforms) = postSolution
		{92737E56-4B0F-4C71-8CED-4E9521792354}.Debug|Any CPU.ActiveCfg = Debug|Any CPU
		{92737E56-4B0F-4C71-8CED-4E9521792354}.Debug|Any CPU.Build.0 = Debug|Any CPU
		{92737E56-4B0F-4C71-8CED-4E9521792354}.Release|Any CPU.ActiveCfg = Release|Any CPU
		{92737E56-4B0F-4C71-8CED-4E9521792354}.Release|Any CPU.Build.0 = Release|Any CPU
		{88DFC802-8E58-4905-B81A-78D358143BCF}.Debug|Any CPU.ActiveCfg = Debug|Any CPU
		{88DFC802-8E58-4905-B81A-78D358143BCF}.Debug|Any CPU.Build.0 = Debug|Any CPU
		{88DFC802-8E58-4905-B81A-78D358143BCF}.Release|Any CPU.ActiveCfg = Release|Any CPU
		{88DFC802-8E58-4905-B81A-78D358143BCF}.Release|Any CPU.Build.0 = Release|Any CPU
		{E2C07544-60CC-406E-9439-2B1EFD8D09D4}.Debug|Any CPU.ActiveCfg = Debug|Any CPU
		{E2C07544-60CC-406E-9439-2B1EFD8D09D4}.Debug|Any CPU.Build.0 = Debug|Any CPU
		{E2C07544-60CC-406E-9439-2B1EFD8D09D4}.Release|Any CPU.ActiveCfg = Release|Any CPU
		{E2C07544-60CC-406E-9439-2B1EFD8D09D4}.Release|Any CPU.Build.0 = Release|Any CPU
	EndGlobalSection
	GlobalSection(SolutionProperties) = preSolution
		HideSolutionNode = FALSE
	EndGlobalSection
	GlobalSection(ExtensibilityGlobals) = postSolution
		SolutionGuid = {6CC0A55A-679B-459C-893E-7E0B980CCB07}
	EndGlobalSection
EndGlobal
